// !$*UTF8*$!
{
	archiveVersion = 1;
	classes = {
	};
	objectVersion = 50;
	objects = {

/* Begin PBXBuildFile section */
		AC3C3AB9251A2977001F042B /* DispatchSemaphore.swift in Sources */ = {isa = PBXBuildFile; fileRef = AC3C3AB8251A2977001F042B /* DispatchSemaphore.swift */; };
		AC3C3ABC251A298C001F042B /* Executable.swift in Sources */ = {isa = PBXBuildFile; fileRef = AC3C3ABB251A298C001F042B /* Executable.swift */; };
		AC3C3ABF251A2AD2001F042B /* ThreadUnsafeCollection.swift in Sources */ = {isa = PBXBuildFile; fileRef = AC3C3ABE251A2AD2001F042B /* ThreadUnsafeCollection.swift */; };
		AC3C3AC2251A2B7D001F042B /* ThreadUnsafeWithSemaphore.swift in Sources */ = {isa = PBXBuildFile; fileRef = AC3C3AC1251A2B7D001F042B /* ThreadUnsafeWithSemaphore.swift */; };
		AC3C3AC5251A2BD6001F042B /* ThreadSafeCollection.swift in Sources */ = {isa = PBXBuildFile; fileRef = AC3C3AC4251A2BD6001F042B /* ThreadSafeCollection.swift */; };
		AC3C3AC8251A2C38001F042B /* Examples.swift in Sources */ = {isa = PBXBuildFile; fileRef = AC3C3AC7251A2C38001F042B /* Examples.swift */; };
		AC55F0CC251A16110099215C /* main.swift in Sources */ = {isa = PBXBuildFile; fileRef = AC55F0CB251A16110099215C /* main.swift */; };
		AC55F0D5251A1A070099215C /* TSCollections.swift in Sources */ = {isa = PBXBuildFile; fileRef = AC55F0D4251A1A070099215C /* TSCollections.swift */; };
		AC55F0DB251A252C0099215C /* WorkSimulator.swift in Sources */ = {isa = PBXBuildFile; fileRef = AC55F0DA251A252C0099215C /* WorkSimulator.swift */; };
		AC55F0DF251A25400099215C /* SerialQueue.swift in Sources */ = {isa = PBXBuildFile; fileRef = AC55F0DE251A25400099215C /* SerialQueue.swift */; };
		AC55F0E2251A25850099215C /* ConcurrentQueue.swift in Sources */ = {isa = PBXBuildFile; fileRef = AC55F0E1251A25850099215C /* ConcurrentQueue.swift */; };
		AC55F0E5251A26470099215C /* DispatchGroup.swift in Sources */ = {isa = PBXBuildFile; fileRef = AC55F0E4251A26470099215C /* DispatchGroup.swift */; };
		AC7AB6AC251A4BC6000059BE /* ThreadSafeArray.swift in Sources */ = {isa = PBXBuildFile; fileRef = AC7AB6AB251A4BC6000059BE /* ThreadSafeArray.swift */; };
		AC7AB6AF251A4C11000059BE /* AppendableSortable.swift in Sources */ = {isa = PBXBuildFile; fileRef = AC7AB6AE251A4C11000059BE /* AppendableSortable.swift */; };
		AC7AB6B2251A4C62000059BE /* ThreadCollectionSandbox.swift in Sources */ = {isa = PBXBuildFile; fileRef = AC7AB6B1251A4C62000059BE /* ThreadCollectionSandbox.swift */; };
/* End PBXBuildFile section */

/* Begin PBXCopyFilesBuildPhase section */
		AC55F0C6251A16110099215C /* CopyFiles */ = {
			isa = PBXCopyFilesBuildPhase;
			buildActionMask = 2147483647;
			dstPath = /usr/share/man/man1/;
			dstSubfolderSpec = 0;
			files = (
			);
			runOnlyForDeploymentPostprocessing = 1;
		};
/* End PBXCopyFilesBuildPhase section */

/* Begin PBXFileReference section */
		AC3C3AB8251A2977001F042B /* DispatchSemaphore.swift */ = {isa = PBXFileReference; lastKnownFileType = sourcecode.swift; path = DispatchSemaphore.swift; sourceTree = "<group>"; };
		AC3C3ABB251A298C001F042B /* Executable.swift */ = {isa = PBXFileReference; lastKnownFileType = sourcecode.swift; path = Executable.swift; sourceTree = "<group>"; };
		AC3C3ABE251A2AD2001F042B /* ThreadUnsafeCollection.swift */ = {isa = PBXFileReference; lastKnownFileType = sourcecode.swift; path = ThreadUnsafeCollection.swift; sourceTree = "<group>"; };
		AC3C3AC1251A2B7D001F042B /* ThreadUnsafeWithSemaphore.swift */ = {isa = PBXFileReference; lastKnownFileType = sourcecode.swift; path = ThreadUnsafeWithSemaphore.swift; sourceTree = "<group>"; };
		AC3C3AC4251A2BD6001F042B /* ThreadSafeCollection.swift */ = {isa = PBXFileReference; lastKnownFileType = sourcecode.swift; path = ThreadSafeCollection.swift; sourceTree = "<group>"; };
		AC3C3AC7251A2C38001F042B /* Examples.swift */ = {isa = PBXFileReference; lastKnownFileType = sourcecode.swift; path = Examples.swift; sourceTree = "<group>"; };
		AC55F0C8251A16110099215C /* DispatchQueue */ = {isa = PBXFileReference; explicitFileType = "compiled.mach-o.executable"; includeInIndex = 0; path = DispatchQueue; sourceTree = BUILT_PRODUCTS_DIR; };
		AC55F0CB251A16110099215C /* main.swift */ = {isa = PBXFileReference; lastKnownFileType = sourcecode.swift; path = main.swift; sourceTree = "<group>"; };
		AC55F0D4251A1A070099215C /* TSCollections.swift */ = {isa = PBXFileReference; lastKnownFileType = sourcecode.swift; path = TSCollections.swift; sourceTree = "<group>"; };
		AC55F0DA251A252C0099215C /* WorkSimulator.swift */ = {isa = PBXFileReference; lastKnownFileType = sourcecode.swift; path = WorkSimulator.swift; sourceTree = "<group>"; };
		AC55F0DE251A25400099215C /* SerialQueue.swift */ = {isa = PBXFileReference; lastKnownFileType = sourcecode.swift; path = SerialQueue.swift; sourceTree = "<group>"; };
		AC55F0E1251A25850099215C /* ConcurrentQueue.swift */ = {isa = PBXFileReference; lastKnownFileType = sourcecode.swift; path = ConcurrentQueue.swift; sourceTree = "<group>"; };
		AC55F0E4251A26470099215C /* DispatchGroup.swift */ = {isa = PBXFileReference; lastKnownFileType = sourcecode.swift; path = DispatchGroup.swift; sourceTree = "<group>"; };
		AC7AB6AB251A4BC6000059BE /* ThreadSafeArray.swift */ = {isa = PBXFileReference; lastKnownFileType = sourcecode.swift; path = ThreadSafeArray.swift; sourceTree = "<group>"; };
		AC7AB6AE251A4C11000059BE /* AppendableSortable.swift */ = {isa = PBXFileReference; lastKnownFileType = sourcecode.swift; path = AppendableSortable.swift; sourceTree = "<group>"; };
		AC7AB6B1251A4C62000059BE /* ThreadCollectionSandbox.swift */ = {isa = PBXFileReference; lastKnownFileType = sourcecode.swift; path = ThreadCollectionSandbox.swift; sourceTree = "<group>"; };
/* End PBXFileReference section */

/* Begin PBXFrameworksBuildPhase section */
		AC55F0C5251A16110099215C /* Frameworks */ = {
			isa = PBXFrameworksBuildPhase;
			buildActionMask = 2147483647;
			files = (
			);
			runOnlyForDeploymentPostprocessing = 0;
		};
/* End PBXFrameworksBuildPhase section */

/* Begin PBXGroup section */
		AC55F0BF251A16110099215C = {
			isa = PBXGroup;
			children = (
				AC55F0CA251A16110099215C /* DispatchQueue */,
				AC55F0C9251A16110099215C /* Products */,
			);
			sourceTree = "<group>";
		};
		AC55F0C9251A16110099215C /* Products */ = {
			isa = PBXGroup;
			children = (
				AC55F0C8251A16110099215C /* DispatchQueue */,
			);
			name = Products;
			sourceTree = "<group>";
		};
		AC55F0CA251A16110099215C /* DispatchQueue */ = {
			isa = PBXGroup;
			children = (
				AC55F0D3251A19F50099215C /* TSCollections */,
				AC55F0D9251A25220099215C /* Helpers */,
				AC55F0D8251A251A0099215C /* Examples */,
				AC55F0CB251A16110099215C /* main.swift */,
			);
			path = DispatchQueue;
			sourceTree = "<group>";
		};
		AC55F0D3251A19F50099215C /* TSCollections */ = {
			isa = PBXGroup;
			children = (
				AC55F0D4251A1A070099215C /* TSCollections.swift */,
				AC7AB6AB251A4BC6000059BE /* ThreadSafeArray.swift */,
			);
			path = TSCollections;
			sourceTree = "<group>";
		};
		AC55F0D8251A251A0099215C /* Examples */ = {
			isa = PBXGroup;
			children = (
				AC55F0DE251A25400099215C /* SerialQueue.swift */,
				AC55F0E1251A25850099215C /* ConcurrentQueue.swift */,
				AC55F0E4251A26470099215C /* DispatchGroup.swift */,
				AC3C3AB8251A2977001F042B /* DispatchSemaphore.swift */,
				AC3C3ABE251A2AD2001F042B /* ThreadUnsafeCollection.swift */,
				AC3C3AC1251A2B7D001F042B /* ThreadUnsafeWithSemaphore.swift */,
				AC3C3AC4251A2BD6001F042B /* ThreadSafeCollection.swift */,
				AC7AB6B1251A4C62000059BE /* ThreadCollectionSandbox.swift */,
			);
			path = Examples;
			sourceTree = "<group>";
		};
		AC55F0D9251A25220099215C /* Helpers */ = {
			isa = PBXGroup;
			children = (
				AC7AB6AE251A4C11000059BE /* AppendableSortable.swift */,
				AC55F0DA251A252C0099215C /* WorkSimulator.swift */,
				AC3C3ABB251A298C001F042B /* Executable.swift */,
				AC3C3AC7251A2C38001F042B /* Examples.swift */,
			);
			path = Helpers;
			sourceTree = "<group>";
		};
/* End PBXGroup section */

/* Begin PBXNativeTarget section */
		AC55F0C7251A16110099215C /* DispatchQueue */ = {
			isa = PBXNativeTarget;
			buildConfigurationList = AC55F0CF251A16110099215C /* Build configuration list for PBXNativeTarget "DispatchQueue" */;
			buildPhases = (
				AC55F0C4251A16110099215C /* Sources */,
				AC55F0C5251A16110099215C /* Frameworks */,
				AC55F0C6251A16110099215C /* CopyFiles */,
			);
			buildRules = (
			);
			dependencies = (
			);
			name = DispatchQueue;
			productName = DispatchQueue;
			productReference = AC55F0C8251A16110099215C /* DispatchQueue */;
			productType = "com.apple.product-type.tool";
		};
/* End PBXNativeTarget section */

/* Begin PBXProject section */
		AC55F0C0251A16110099215C /* Project object */ = {
			isa = PBXProject;
			attributes = {
				LastSwiftUpdateCheck = 1200;
				LastUpgradeCheck = 1200;
				TargetAttributes = {
					AC55F0C7251A16110099215C = {
						CreatedOnToolsVersion = 12.0;
					};
				};
			};
			buildConfigurationList = AC55F0C3251A16110099215C /* Build configuration list for PBXProject "DispatchQueue" */;
			compatibilityVersion = "Xcode 9.3";
			developmentRegion = en;
			hasScannedForEncodings = 0;
			knownRegions = (
				en,
				Base,
			);
			mainGroup = AC55F0BF251A16110099215C;
			productRefGroup = AC55F0C9251A16110099215C /* Products */;
			projectDirPath = "";
			projectRoot = "";
			targets = (
				AC55F0C7251A16110099215C /* DispatchQueue */,
			);
		};
/* End PBXProject section */

/* Begin PBXSourcesBuildPhase section */
		AC55F0C4251A16110099215C /* Sources */ = {
			isa = PBXSourcesBuildPhase;
			buildActionMask = 2147483647;
			files = (
				AC55F0D5251A1A070099215C /* TSCollections.swift in Sources */,
				AC55F0E2251A25850099215C /* ConcurrentQueue.swift in Sources */,
				AC3C3AB9251A2977001F042B /* DispatchSemaphore.swift in Sources */,
				AC7AB6AF251A4C11000059BE /* AppendableSortable.swift in Sources */,
				AC55F0DF251A25400099215C /* SerialQueue.swift in Sources */,
				AC7AB6AC251A4BC6000059BE /* ThreadSafeArray.swift in Sources */,
				AC3C3ABF251A2AD2001F042B /* ThreadUnsafeCollection.swift in Sources */,
				AC3C3AC8251A2C38001F042B /* Examples.swift in Sources */,
				AC55F0DB251A252C0099215C /* WorkSimulator.swift in Sources */,
				AC3C3ABC251A298C001F042B /* Executable.swift in Sources */,
				AC7AB6B2251A4C62000059BE /* ThreadCollectionSandbox.swift in Sources */,
				AC55F0CC251A16110099215C /* main.swift in Sources */,
				AC3C3AC5251A2BD6001F042B /* ThreadSafeCollection.swift in Sources */,
				AC3C3AC2251A2B7D001F042B /* ThreadUnsafeWithSemaphore.swift in Sources */,
				AC55F0E5251A26470099215C /* DispatchGroup.swift in Sources */,
			);
			runOnlyForDeploymentPostprocessing = 0;
		};
/* End PBXSourcesBuildPhase section */

/* Begin XCBuildConfiguration section */
		AC55F0CD251A16110099215C /* Debug */ = {
			isa = XCBuildConfiguration;
			buildSettings = {
				ALWAYS_SEARCH_USER_PATHS = NO;
				CLANG_ANALYZER_NONNULL = YES;
				CLANG_ANALYZER_NUMBER_OBJECT_CONVERSION = YES_AGGRESSIVE;
				CLANG_CXX_LANGUAGE_STANDARD = "gnu++14";
				CLANG_CXX_LIBRARY = "libc++";
				CLANG_ENABLE_MODULES = YES;
				CLANG_ENABLE_OBJC_ARC = YES;
				CLANG_ENABLE_OBJC_WEAK = YES;
				CLANG_WARN_BLOCK_CAPTURE_AUTORELEASING = YES;
				CLANG_WARN_BOOL_CONVERSION = YES;
				CLANG_WARN_COMMA = YES;
				CLANG_WARN_CONSTANT_CONVERSION = YES;
				CLANG_WARN_DEPRECATED_OBJC_IMPLEMENTATIONS = YES;
				CLANG_WARN_DIRECT_OBJC_ISA_USAGE = YES_ERROR;
				CLANG_WARN_DOCUMENTATION_COMMENTS = YES;
				CLANG_WARN_EMPTY_BODY = YES;
				CLANG_WARN_ENUM_CONVERSION = YES;
				CLANG_WARN_INFINITE_RECURSION = YES;
				CLANG_WARN_INT_CONVERSION = YES;
				CLANG_WARN_NON_LITERAL_NULL_CONVERSION = YES;
				CLANG_WARN_OBJC_IMPLICIT_RETAIN_SELF = YES;
				CLANG_WARN_OBJC_LITERAL_CONVERSION = YES;
				CLANG_WARN_OBJC_ROOT_CLASS = YES_ERROR;
				CLANG_WARN_QUOTED_INCLUDE_IN_FRAMEWORK_HEADER = YES;
				CLANG_WARN_RANGE_LOOP_ANALYSIS = YES;
				CLANG_WARN_STRICT_PROTOTYPES = YES;
				CLANG_WARN_SUSPICIOUS_MOVE = YES;
				CLANG_WARN_UNGUARDED_AVAILABILITY = YES_AGGRESSIVE;
				CLANG_WARN_UNREACHABLE_CODE = YES;
				CLANG_WARN__DUPLICATE_METHOD_MATCH = YES;
				COPY_PHASE_STRIP = NO;
				DEBUG_INFORMATION_FORMAT = dwarf;
				ENABLE_STRICT_OBJC_MSGSEND = YES;
				ENABLE_TESTABILITY = YES;
				GCC_C_LANGUAGE_STANDARD = gnu11;
				GCC_DYNAMIC_NO_PIC = NO;
				GCC_NO_COMMON_BLOCKS = YES;
				GCC_OPTIMIZATION_LEVEL = 0;
				GCC_PREPROCESSOR_DEFINITIONS = (
					"DEBUG=1",
					"$(inherited)",
				);
				GCC_WARN_64_TO_32_BIT_CONVERSION = YES;
				GCC_WARN_ABOUT_RETURN_TYPE = YES_ERROR;
				GCC_WARN_UNDECLARED_SELECTOR = YES;
				GCC_WARN_UNINITIALIZED_AUTOS = YES_AGGRESSIVE;
				GCC_WARN_UNUSED_FUNCTION = YES;
				GCC_WARN_UNUSED_VARIABLE = YES;
				MACOSX_DEPLOYMENT_TARGET = 10.15;
				MTL_ENABLE_DEBUG_INFO = INCLUDE_SOURCE;
				MTL_FAST_MATH = YES;
				ONLY_ACTIVE_ARCH = YES;
				SDKROOT = macosx;
				SWIFT_ACTIVE_COMPILATION_CONDITIONS = DEBUG;
				SWIFT_OPTIMIZATION_LEVEL = "-Onone";
			};
			name = Debug;
		};
		AC55F0CE251A16110099215C /* Release */ = {
			isa = XCBuildConfiguration;
			buildSettings = {
				ALWAYS_SEARCH_USER_PATHS = NO;
				CLANG_ANALYZER_NONNULL = YES;
				CLANG_ANALYZER_NUMBER_OBJECT_CONVERSION = YES_AGGRESSIVE;
				CLANG_CXX_LANGUAGE_STANDARD = "gnu++14";
				CLANG_CXX_LIBRARY = "libc++";
				CLANG_ENABLE_MODULES = YES;
				CLANG_ENABLE_OBJC_ARC = YES;
				CLANG_ENABLE_OBJC_WEAK = YES;
				CLANG_WARN_BLOCK_CAPTURE_AUTORELEASING = YES;
				CLANG_WARN_BOOL_CONVERSION = YES;
				CLANG_WARN_COMMA = YES;
				CLANG_WARN_CONSTANT_CONVERSION = YES;
				CLANG_WARN_DEPRECATED_OBJC_IMPLEMENTATIONS = YES;
				CLANG_WARN_DIRECT_OBJC_ISA_USAGE = YES_ERROR;
				CLANG_WARN_DOCUMENTATION_COMMENTS = YES;
				CLANG_WARN_EMPTY_BODY = YES;
				CLANG_WARN_ENUM_CONVERSION = YES;
				CLANG_WARN_INFINITE_RECURSION = YES;
				CLANG_WARN_INT_CONVERSION = YES;
				CLANG_WARN_NON_LITERAL_NULL_CONVERSION = YES;
				CLANG_WARN_OBJC_IMPLICIT_RETAIN_SELF = YES;
				CLANG_WARN_OBJC_LITERAL_CONVERSION = YES;
				CLANG_WARN_OBJC_ROOT_CLASS = YES_ERROR;
				CLANG_WARN_QUOTED_INCLUDE_IN_FRAMEWORK_HEADER = YES;
				CLANG_WARN_RANGE_LOOP_ANALYSIS = YES;
				CLANG_WARN_STRICT_PROTOTYPES = YES;
				CLANG_WARN_SUSPICIOUS_MOVE = YES;
				CLANG_WARN_UNGUARDED_AVAILABILITY = YES_AGGRESSIVE;
				CLANG_WARN_UNREACHABLE_CODE = YES;
				CLANG_WARN__DUPLICATE_METHOD_MATCH = YES;
				COPY_PHASE_STRIP = NO;
				DEBUG_INFORMATION_FORMAT = "dwarf-with-dsym";
				ENABLE_NS_ASSERTIONS = NO;
				ENABLE_STRICT_OBJC_MSGSEND = YES;
				GCC_C_LANGUAGE_STANDARD = gnu11;
				GCC_NO_COMMON_BLOCKS = YES;
				GCC_WARN_64_TO_32_BIT_CONVERSION = YES;
				GCC_WARN_ABOUT_RETURN_TYPE = YES_ERROR;
				GCC_WARN_UNDECLARED_SELECTOR = YES;
				GCC_WARN_UNINITIALIZED_AUTOS = YES_AGGRESSIVE;
				GCC_WARN_UNUSED_FUNCTION = YES;
				GCC_WARN_UNUSED_VARIABLE = YES;
				MACOSX_DEPLOYMENT_TARGET = 10.15;
				MTL_ENABLE_DEBUG_INFO = NO;
				MTL_FAST_MATH = YES;
				SDKROOT = macosx;
				SWIFT_COMPILATION_MODE = wholemodule;
				SWIFT_OPTIMIZATION_LEVEL = "-O";
			};
			name = Release;
		};
		AC55F0D0251A16110099215C /* Debug */ = {
			isa = XCBuildConfiguration;
			buildSettings = {
				CODE_SIGN_STYLE = Automatic;
				PRODUCT_NAME = "$(TARGET_NAME)";
				SWIFT_VERSION = 5.0;
			};
			name = Debug;
		};
		AC55F0D1251A16110099215C /* Release */ = {
			isa = XCBuildConfiguration;
			buildSettings = {
				CODE_SIGN_STYLE = Automatic;
				PRODUCT_NAME = "$(TARGET_NAME)";
				SWIFT_VERSION = 5.0;
			};
			name = Release;
		};
/* End XCBuildConfiguration section */

/* Begin XCConfigurationList section */
		AC55F0C3251A16110099215C /* Build configuration list for PBXProject "DispatchQueue" */ = {
			isa = XCConfigurationList;
			buildConfigurations = (
				AC55F0CD251A16110099215C /* Debug */,
				AC55F0CE251A16110099215C /* Release */,
			);
			defaultConfigurationIsVisible = 0;
			defaultConfigurationName = Release;
		};
		AC55F0CF251A16110099215C /* Build configuration list for PBXNativeTarget "DispatchQueue" */ = {
			isa = XCConfigurationList;
			buildConfigurations = (
				AC55F0D0251A16110099215C /* Debug */,
				AC55F0D1251A16110099215C /* Release */,
			);
			defaultConfigurationIsVisible = 0;
			defaultConfigurationName = Release;
		};
/* End XCConfigurationList section */
	};
	rootObject = AC55F0C0251A16110099215C /* Project object */;
}
